
Microsoft Visual Studio Solution File, Format Version 12.00
# Visual Studio Version 16
VisualStudioVersion = 16.0.30413.136
MinimumVisualStudioVersion = 10.0.40219.1
Project("{9A19103F-16F7-4668-BE54-9A1E7A4F7556}") = "Dev-Community", "Dev-Community\Dev-Community.csproj", "{0F810694-E6E2-417A-80E1-027B249A8ABC}"
EndProject
Global
	GlobalSection(SolutionConfigurationPlatforms) = preSolution
		Debug|Any CPU = Debug|Any CPU
		Release|Any CPU = Release|Any CPU
	EndGlobalSection
	GlobalSection(ProjectConfigurationPlatforms) = postSolution
		{0F810694-E6E2-417A-80E1-027B249A8ABC}.Debug|Any CPU.ActiveCfg = Debug|Any CPU
		{0F810694-E6E2-417A-80E1-027B249A8ABC}.Debug|Any CPU.Build.0 = Debug|Any CPU
		{0F810694-E6E2-417A-80E1-027B249A8ABC}.Release|Any CPU.ActiveCfg = Release|Any CPU
		{0F810694-E6E2-417A-80E1-027B249A8ABC}.Release|Any CPU.Build.0 = Release|Any CPU
	EndGlobalSection
	GlobalSection(SolutionProperties) = preSolution
		HideSolutionNode = FALSE
	EndGlobalSection
	GlobalSection(ExtensibilityGlobals) = postSolution
		SolutionGuid = {07D6733F-679E-44D1-B4D6-1FCCDA164007}
	EndGlobalSection
EndGlobal
